
Microsoft Visual Studio Solution File, Format Version 12.00
# Visual Studio Version 16
VisualStudioVersion = 16.0.30804.86
MinimumVisualStudioVersion = 10.0.40219.1
Project("{FAE04EC0-301F-11D3-BF4B-00C04F79EFBC}") = "SUTD-UROP", "SUTD-UROP\SUTD-UROP.csproj", "{6B83012B-0AF0-4143-B158-6C188AA00854}"
EndProject
Global
	GlobalSection(SolutionConfigurationPlatforms) = preSolution
		Debug|Any CPU = Debug|Any CPU
		Release|Any CPU = Release|Any CPU
	EndGlobalSection
	GlobalSection(ProjectConfigurationPlatforms) = postSolution
		{6B83012B-0AF0-4143-B158-6C188AA00854}.Debug|Any CPU.ActiveCfg = Debug|Any CPU
		{6B83012B-0AF0-4143-B158-6C188AA00854}.Debug|Any CPU.Build.0 = Debug|Any CPU
		{6B83012B-0AF0-4143-B158-6C188AA00854}.Release|Any CPU.ActiveCfg = Release|Any CPU
		{6B83012B-0AF0-4143-B158-6C188AA00854}.Release|Any CPU.Build.0 = Release|Any CPU
	EndGlobalSection
	GlobalSection(SolutionProperties) = preSolution
		HideSolutionNode = FALSE
	EndGlobalSection
	GlobalSection(ExtensibilityGlobals) = postSolution
		SolutionGuid = {3E1F7C85-5625-47BF-9AB0-CD5588EC5EE2}
	EndGlobalSection
EndGlobal
